
Microsoft Visual Studio Solution File, Format Version 12.00
# Visual Studio Version 17
VisualStudioVersion = 17.9.34728.123
MinimumVisualStudioVersion = 10.0.40219.1
Project("{9A19103F-16F7-4668-BE54-9A1E7A4F7556}") = "AgroUI", "AgroUI\AgroUI.csproj", "{8952D511-5AB7-4119-97C1-87C725FAB782}"
EndProject
Project("{9A19103F-16F7-4668-BE54-9A1E7A4F7556}") = "AgroDTO", "AgroDTO\AgroDTO.csproj", "{63C63CBF-9B58-404B-B36A-F1CA115EE5A9}"
EndProject
Global
	GlobalSection(SolutionConfigurationPlatforms) = preSolution
		Debug|Any CPU = Debug|Any CPU
		Release|Any CPU = Release|Any CPU
	EndGlobalSection
	GlobalSection(ProjectConfigurationPlatforms) = postSolution
		{8952D511-5AB7-4119-97C1-87C725FAB782}.Debug|Any CPU.ActiveCfg = Debug|Any CPU
		{8952D511-5AB7-4119-97C1-87C725FAB782}.Debug|Any CPU.Build.0 = Debug|Any CPU
		{8952D511-5AB7-4119-97C1-87C725FAB782}.Release|Any CPU.ActiveCfg = Release|Any CPU
		{8952D511-5AB7-4119-97C1-87C725FAB782}.Release|Any CPU.Build.0 = Release|Any CPU
		{63C63CBF-9B58-404B-B36A-F1CA115EE5A9}.Debug|Any CPU.ActiveCfg = Debug|Any CPU
		{63C63CBF-9B58-404B-B36A-F1CA115EE5A9}.Debug|Any CPU.Build.0 = Debug|Any CPU
		{63C63CBF-9B58-404B-B36A-F1CA115EE5A9}.Release|Any CPU.ActiveCfg = Release|Any CPU
		{63C63CBF-9B58-404B-B36A-F1CA115EE5A9}.Release|Any CPU.Build.0 = Release|Any CPU
	EndGlobalSection
	GlobalSection(SolutionProperties) = preSolution
		HideSolutionNode = FALSE
	EndGlobalSection
	GlobalSection(ExtensibilityGlobals) = postSolution
		SolutionGuid = {63D39C11-B344-4AF5-8C0F-FC63BB822E80}
	EndGlobalSection
EndGlobal
